
Microsoft Visual Studio Solution File, Format Version 12.00
# Visual Studio Version 17
VisualStudioVersion = 17.1.32210.238
MinimumVisualStudioVersion = 10.0.40219.1
Project("{9A19103F-16F7-4668-BE54-9A1E7A4F7556}") = "MangoRestaurant.Web", "MangoRestaurant.Web\MangoRestaurant.Web.csproj", "{9615F1CF-9C1A-4D7A-81CE-7F8892012427}"
EndProject
Project("{9A19103F-16F7-4668-BE54-9A1E7A4F7556}") = "MangoRestaurant.Product.API", "MangoRestaurant.Product.API\MangoRestaurant.Product.API.csproj", "{39340484-3F4A-4089-9AB2-41DEC82AD647}"
EndProject
Project("{9A19103F-16F7-4668-BE54-9A1E7A4F7556}") = "MangoRestaurant.Services.Identity", "MangoRestaurant.Services.Identity\MangoRestaurant.Services.Identity.csproj", "{7947D437-9DC9-4CF3-8490-3113C6C6260B}"
EndProject
Project("{9A19103F-16F7-4668-BE54-9A1E7A4F7556}") = "Mango.Services.Identity", "Mango.Services.Identity.Mvc\Mango.Services.Identity.csproj", "{97FA5D05-5FBF-4AE5-A03B-30F1B64D50D7}"
EndProject
Global
	GlobalSection(SolutionConfigurationPlatforms) = preSolution
		Debug|Any CPU = Debug|Any CPU
		Release|Any CPU = Release|Any CPU
	EndGlobalSection
	GlobalSection(ProjectConfigurationPlatforms) = postSolution
		{9615F1CF-9C1A-4D7A-81CE-7F8892012427}.Debug|Any CPU.ActiveCfg = Debug|Any CPU
		{9615F1CF-9C1A-4D7A-81CE-7F8892012427}.Debug|Any CPU.Build.0 = Debug|Any CPU
		{9615F1CF-9C1A-4D7A-81CE-7F8892012427}.Release|Any CPU.ActiveCfg = Release|Any CPU
		{9615F1CF-9C1A-4D7A-81CE-7F8892012427}.Release|Any CPU.Build.0 = Release|Any CPU
		{39340484-3F4A-4089-9AB2-41DEC82AD647}.Debug|Any CPU.ActiveCfg = Debug|Any CPU
		{39340484-3F4A-4089-9AB2-41DEC82AD647}.Debug|Any CPU.Build.0 = Debug|Any CPU
		{39340484-3F4A-4089-9AB2-41DEC82AD647}.Release|Any CPU.ActiveCfg = Release|Any CPU
		{39340484-3F4A-4089-9AB2-41DEC82AD647}.Release|Any CPU.Build.0 = Release|Any CPU
		{7947D437-9DC9-4CF3-8490-3113C6C6260B}.Debug|Any CPU.ActiveCfg = Debug|Any CPU
		{7947D437-9DC9-4CF3-8490-3113C6C6260B}.Debug|Any CPU.Build.0 = Debug|Any CPU
		{7947D437-9DC9-4CF3-8490-3113C6C6260B}.Release|Any CPU.ActiveCfg = Release|Any CPU
		{7947D437-9DC9-4CF3-8490-3113C6C6260B}.Release|Any CPU.Build.0 = Release|Any CPU
		{97FA5D05-5FBF-4AE5-A03B-30F1B64D50D7}.Debug|Any CPU.ActiveCfg = Debug|Any CPU
		{97FA5D05-5FBF-4AE5-A03B-30F1B64D50D7}.Debug|Any CPU.Build.0 = Debug|Any CPU
		{97FA5D05-5FBF-4AE5-A03B-30F1B64D50D7}.Release|Any CPU.ActiveCfg = Release|Any CPU
		{97FA5D05-5FBF-4AE5-A03B-30F1B64D50D7}.Release|Any CPU.Build.0 = Release|Any CPU
	EndGlobalSection
	GlobalSection(SolutionProperties) = preSolution
		HideSolutionNode = FALSE
	EndGlobalSection
	GlobalSection(ExtensibilityGlobals) = postSolution
		SolutionGuid = {6BB05BCC-C554-4FC2-B2FB-BF457F33C29F}
	EndGlobalSection
EndGlobal
